
Microsoft Visual Studio Solution File, Format Version 12.00
# Visual Studio Version 16
VisualStudioVersion = 16.0.35425.106
MinimumVisualStudioVersion = 10.0.40219.1
Project("{FAE04EC0-301F-11D3-BF4B-00C04F79EFBC}") = "GiftlyAdmin", "GiftlyAdmin\GiftlyAdmin.csproj", "{0A0A84B0-BB97-4BB2-B505-34FA9EF799A1}"
EndProject
Global
	GlobalSection(SolutionConfigurationPlatforms) = preSolution
		Debug|Any CPU = Debug|Any CPU
		Release|Any CPU = Release|Any CPU
	EndGlobalSection
	GlobalSection(ProjectConfigurationPlatforms) = postSolution
		{0A0A84B0-BB97-4BB2-B505-34FA9EF799A1}.Debug|Any CPU.ActiveCfg = Debug|Any CPU
		{0A0A84B0-BB97-4BB2-B505-34FA9EF799A1}.Debug|Any CPU.Build.0 = Debug|Any CPU
		{0A0A84B0-BB97-4BB2-B505-34FA9EF799A1}.Release|Any CPU.ActiveCfg = Release|Any CPU
		{0A0A84B0-BB97-4BB2-B505-34FA9EF799A1}.Release|Any CPU.Build.0 = Release|Any CPU
	EndGlobalSection
	GlobalSection(SolutionProperties) = preSolution
		HideSolutionNode = FALSE
	EndGlobalSection
	GlobalSection(ExtensibilityGlobals) = postSolution
		SolutionGuid = {00F5756C-22CC-484D-ACA7-6843CD79618C}
	EndGlobalSection
EndGlobal
